
Microsoft Visual Studio Solution File, Format Version 12.00
Project("{FAE04EC0-301F-11D3-BF4B-00C04F79EFBC}") = "Tools", "Tools\Tools.csproj", "{AD478BE4-0F0A-41EA-A089-01B51E9A236A}"
EndProject
Project("{2150E333-8FDC-42A3-9474-1A3956D46DE8}") = "Round", "Round", "{008B7262-C9D9-4FEA-9F36-9B60C8C845ED}"
EndProject
Project("{FAE04EC0-301F-11D3-BF4B-00C04F79EFBC}") = "A", "A\A.csproj", "{9599763D-CCB3-46C8-81FB-77AFB3E6481A}"
EndProject
Project("{FAE04EC0-301F-11D3-BF4B-00C04F79EFBC}") = "B", "B\B.csproj", "{28BFEBE1-812C-4147-844B-FB750A8C9B16}"
EndProject
Project("{FAE04EC0-301F-11D3-BF4B-00C04F79EFBC}") = "C", "C\C.csproj", "{A8325030-0B4D-4442-8BCB-1A57E0B54E71}"
EndProject
Project("{FAE04EC0-301F-11D3-BF4B-00C04F79EFBC}") = "D", "D\D.csproj", "{25523318-A9D4-456B-9BF7-66B87C9B3D17}"
EndProject
Project("{FAE04EC0-301F-11D3-BF4B-00C04F79EFBC}") = "E", "E\E.csproj", "{A7A31E77-C97A-4CC2-840E-3DCEDB8BD802}"
EndProject
Project("{FAE04EC0-301F-11D3-BF4B-00C04F79EFBC}") = "F", "F\F.csproj", "{EE23CBE0-6810-472A-958E-CD770625948E}"
EndProject
Project("{FAE04EC0-301F-11D3-BF4B-00C04F79EFBC}") = "G", "G\G.csproj", "{B0EC7E2B-7AB7-495A-A589-7160650A0247}"
EndProject
Project("{FAE04EC0-301F-11D3-BF4B-00C04F79EFBC}") = "Tests", "Tests\Tests.csproj", "{2663152D-01B5-45C8-9C30-045731EC827A}"
EndProject
Project("{2150E333-8FDC-42A3-9474-1A3956D46DE8}") = "Experiments", "Experiments", "{E86F52E9-E1B5-429A-9DA6-EF7189E155B2}"
EndProject
Project("{FAE04EC0-301F-11D3-BF4B-00C04F79EFBC}") = "InlineMethods", "InlineMethods\InlineMethods.csproj", "{75DA908F-E0CB-4C08-9ECE-97843939DD89}"
EndProject
Global
	GlobalSection(SolutionConfigurationPlatforms) = preSolution
		Debug|Any CPU = Debug|Any CPU
		Release|Any CPU = Release|Any CPU
	EndGlobalSection
	GlobalSection(ProjectConfigurationPlatforms) = postSolution
		{AD478BE4-0F0A-41EA-A089-01B51E9A236A}.Debug|Any CPU.ActiveCfg = Debug|Any CPU
		{AD478BE4-0F0A-41EA-A089-01B51E9A236A}.Debug|Any CPU.Build.0 = Debug|Any CPU
		{AD478BE4-0F0A-41EA-A089-01B51E9A236A}.Release|Any CPU.ActiveCfg = Release|Any CPU
		{AD478BE4-0F0A-41EA-A089-01B51E9A236A}.Release|Any CPU.Build.0 = Release|Any CPU
		{D46B97EA-0986-4C03-9108-CE31F37ADD26}.Debug|Any CPU.ActiveCfg = Debug|Any CPU
		{D46B97EA-0986-4C03-9108-CE31F37ADD26}.Debug|Any CPU.Build.0 = Debug|Any CPU
		{D46B97EA-0986-4C03-9108-CE31F37ADD26}.Release|Any CPU.ActiveCfg = Release|Any CPU
		{D46B97EA-0986-4C03-9108-CE31F37ADD26}.Release|Any CPU.Build.0 = Release|Any CPU
		{9599763D-CCB3-46C8-81FB-77AFB3E6481A}.Debug|Any CPU.ActiveCfg = Debug|Any CPU
		{9599763D-CCB3-46C8-81FB-77AFB3E6481A}.Debug|Any CPU.Build.0 = Debug|Any CPU
		{9599763D-CCB3-46C8-81FB-77AFB3E6481A}.Release|Any CPU.ActiveCfg = Release|Any CPU
		{9599763D-CCB3-46C8-81FB-77AFB3E6481A}.Release|Any CPU.Build.0 = Release|Any CPU
		{28BFEBE1-812C-4147-844B-FB750A8C9B16}.Debug|Any CPU.ActiveCfg = Debug|Any CPU
		{28BFEBE1-812C-4147-844B-FB750A8C9B16}.Debug|Any CPU.Build.0 = Debug|Any CPU
		{28BFEBE1-812C-4147-844B-FB750A8C9B16}.Release|Any CPU.ActiveCfg = Release|Any CPU
		{28BFEBE1-812C-4147-844B-FB750A8C9B16}.Release|Any CPU.Build.0 = Release|Any CPU
		{A8325030-0B4D-4442-8BCB-1A57E0B54E71}.Debug|Any CPU.ActiveCfg = Debug|Any CPU
		{A8325030-0B4D-4442-8BCB-1A57E0B54E71}.Debug|Any CPU.Build.0 = Debug|Any CPU
		{A8325030-0B4D-4442-8BCB-1A57E0B54E71}.Release|Any CPU.ActiveCfg = Release|Any CPU
		{A8325030-0B4D-4442-8BCB-1A57E0B54E71}.Release|Any CPU.Build.0 = Release|Any CPU
		{25523318-A9D4-456B-9BF7-66B87C9B3D17}.Debug|Any CPU.ActiveCfg = Debug|Any CPU
		{25523318-A9D4-456B-9BF7-66B87C9B3D17}.Debug|Any CPU.Build.0 = Debug|Any CPU
		{25523318-A9D4-456B-9BF7-66B87C9B3D17}.Release|Any CPU.ActiveCfg = Release|Any CPU
		{25523318-A9D4-456B-9BF7-66B87C9B3D17}.Release|Any CPU.Build.0 = Release|Any CPU
		{A7A31E77-C97A-4CC2-840E-3DCEDB8BD802}.Debug|Any CPU.ActiveCfg = Debug|Any CPU
		{A7A31E77-C97A-4CC2-840E-3DCEDB8BD802}.Debug|Any CPU.Build.0 = Debug|Any CPU
		{A7A31E77-C97A-4CC2-840E-3DCEDB8BD802}.Release|Any CPU.ActiveCfg = Release|Any CPU
		{A7A31E77-C97A-4CC2-840E-3DCEDB8BD802}.Release|Any CPU.Build.0 = Release|Any CPU
		{EE23CBE0-6810-472A-958E-CD770625948E}.Debug|Any CPU.ActiveCfg = Debug|Any CPU
		{EE23CBE0-6810-472A-958E-CD770625948E}.Debug|Any CPU.Build.0 = Debug|Any CPU
		{EE23CBE0-6810-472A-958E-CD770625948E}.Release|Any CPU.ActiveCfg = Release|Any CPU
		{EE23CBE0-6810-472A-958E-CD770625948E}.Release|Any CPU.Build.0 = Release|Any CPU
		{B0EC7E2B-7AB7-495A-A589-7160650A0247}.Debug|Any CPU.ActiveCfg = Debug|Any CPU
		{B0EC7E2B-7AB7-495A-A589-7160650A0247}.Debug|Any CPU.Build.0 = Debug|Any CPU
		{B0EC7E2B-7AB7-495A-A589-7160650A0247}.Release|Any CPU.ActiveCfg = Release|Any CPU
		{B0EC7E2B-7AB7-495A-A589-7160650A0247}.Release|Any CPU.Build.0 = Release|Any CPU
		{2663152D-01B5-45C8-9C30-045731EC827A}.Debug|Any CPU.ActiveCfg = Debug|Any CPU
		{2663152D-01B5-45C8-9C30-045731EC827A}.Debug|Any CPU.Build.0 = Debug|Any CPU
		{2663152D-01B5-45C8-9C30-045731EC827A}.Release|Any CPU.ActiveCfg = Release|Any CPU
		{2663152D-01B5-45C8-9C30-045731EC827A}.Release|Any CPU.Build.0 = Release|Any CPU
		{75DA908F-E0CB-4C08-9ECE-97843939DD89}.Debug|Any CPU.ActiveCfg = Debug|Any CPU
		{75DA908F-E0CB-4C08-9ECE-97843939DD89}.Debug|Any CPU.Build.0 = Debug|Any CPU
		{75DA908F-E0CB-4C08-9ECE-97843939DD89}.Release|Any CPU.ActiveCfg = Release|Any CPU
		{75DA908F-E0CB-4C08-9ECE-97843939DD89}.Release|Any CPU.Build.0 = Release|Any CPU
	EndGlobalSection
	GlobalSection(NestedProjects) = preSolution
		{D46B97EA-0986-4C03-9108-CE31F37ADD26} = {008B7262-C9D9-4FEA-9F36-9B60C8C845ED}
		{9599763D-CCB3-46C8-81FB-77AFB3E6481A} = {008B7262-C9D9-4FEA-9F36-9B60C8C845ED}
		{28BFEBE1-812C-4147-844B-FB750A8C9B16} = {008B7262-C9D9-4FEA-9F36-9B60C8C845ED}
		{A8325030-0B4D-4442-8BCB-1A57E0B54E71} = {008B7262-C9D9-4FEA-9F36-9B60C8C845ED}
		{25523318-A9D4-456B-9BF7-66B87C9B3D17} = {008B7262-C9D9-4FEA-9F36-9B60C8C845ED}
		{A7A31E77-C97A-4CC2-840E-3DCEDB8BD802} = {008B7262-C9D9-4FEA-9F36-9B60C8C845ED}
		{EE23CBE0-6810-472A-958E-CD770625948E} = {008B7262-C9D9-4FEA-9F36-9B60C8C845ED}
		{B0EC7E2B-7AB7-495A-A589-7160650A0247} = {008B7262-C9D9-4FEA-9F36-9B60C8C845ED}
		{75DA908F-E0CB-4C08-9ECE-97843939DD89} = {E86F52E9-E1B5-429A-9DA6-EF7189E155B2}
	EndGlobalSection
EndGlobal
